// !$*UTF8*$!
{
	archiveVersion = 1;
	classes = {
	};
	objectVersion = 51;
	objects = {

/* Begin PBXBuildFile section */
		09D9691BE3F36392C06CEAC4 /* Pods_EZRememberTests.framework in Frameworks */ = {isa = PBXBuildFile; fileRef = 0A03359E346236DB448F3407 /* Pods_EZRememberTests.framework */; };
		8F6CD3D4D524E46B03D55FA6 /* Pods_EZRememberUITests.framework in Frameworks */ = {isa = PBXBuildFile; fileRef = 245370A744907098C2B09E8C /* Pods_EZRememberUITests.framework */; };
		F421B22B24694AA8007DE745 /* DESyncViewController.swift in Sources */ = {isa = PBXBuildFile; fileRef = F421B22A24694AA8007DE745 /* DESyncViewController.swift */; };
		F421B22D24696913007DE745 /* Array+ToDictionary.swift in Sources */ = {isa = PBXBuildFile; fileRef = F421B22C24696913007DE745 /* Array+ToDictionary.swift */; };
		F421B22F24698DE9007DE745 /* EbookCell.swift in Sources */ = {isa = PBXBuildFile; fileRef = F421B22E24698DE9007DE745 /* EbookCell.swift */; };
		F421B23224698E38007DE745 /* EBookHandler.swift in Sources */ = {isa = PBXBuildFile; fileRef = F421B23124698E38007DE745 /* EBookHandler.swift */; };
		F421B234246A4E4A007DE745 /* Constants.swift in Sources */ = {isa = PBXBuildFile; fileRef = F421B233246A4E4A007DE745 /* Constants.swift */; };
		F421B238246A582C007DE745 /* GRPurchasingColumn.swift in Sources */ = {isa = PBXBuildFile; fileRef = F421B237246A582C007DE745 /* GRPurchasingColumn.swift */; };
		F421B23A246A5E75007DE745 /* GRTitleAndButtonCard.swift in Sources */ = {isa = PBXBuildFile; fileRef = F421B239246A5E75007DE745 /* GRTitleAndButtonCard.swift */; };
		F421B23C246A6112007DE745 /* GRPurchasingCard.swift in Sources */ = {isa = PBXBuildFile; fileRef = F421B23B246A6112007DE745 /* GRPurchasingCard.swift */; };
		F421B23E246A6482007DE745 /* GRPurchasingViewController.swift in Sources */ = {isa = PBXBuildFile; fileRef = F421B23D246A6482007DE745 /* GRPurchasingViewController.swift */; };
		F428523C245BFA5E00C381DE /* AppDelegate.swift in Sources */ = {isa = PBXBuildFile; fileRef = F428523B245BFA5E00C381DE /* AppDelegate.swift */; };
		F428523E245BFA5E00C381DE /* SceneDelegate.swift in Sources */ = {isa = PBXBuildFile; fileRef = F428523D245BFA5E00C381DE /* SceneDelegate.swift */; };
		F4285240245BFA5E00C381DE /* ViewController.swift in Sources */ = {isa = PBXBuildFile; fileRef = F428523F245BFA5E00C381DE /* ViewController.swift */; };
		F4285243245BFA5E00C381DE /* Main.storyboard in Resources */ = {isa = PBXBuildFile; fileRef = F4285241245BFA5E00C381DE /* Main.storyboard */; };
		F4285245245BFA5F00C381DE /* Assets.xcassets in Resources */ = {isa = PBXBuildFile; fileRef = F4285244245BFA5F00C381DE /* Assets.xcassets */; };
		F4285248245BFA5F00C381DE /* LaunchScreen.storyboard in Resources */ = {isa = PBXBuildFile; fileRef = F4285246245BFA5F00C381DE /* LaunchScreen.storyboard */; };
		F4285253245BFA5F00C381DE /* EZRememberTests.swift in Sources */ = {isa = PBXBuildFile; fileRef = F4285252245BFA5F00C381DE /* EZRememberTests.swift */; };
		F428525E245BFA5F00C381DE /* EZRememberUITests.swift in Sources */ = {isa = PBXBuildFile; fileRef = F428525D245BFA5F00C381DE /* EZRememberUITests.swift */; };
		F428526D245BFCC600C381DE /* DEMainViewController.swift in Sources */ = {isa = PBXBuildFile; fileRef = F428526C245BFCC600C381DE /* DEMainViewController.swift */; };
		F4285270245C253500C381DE /* UIVIew+Shadow.swift in Sources */ = {isa = PBXBuildFile; fileRef = F428526F245C253500C381DE /* UIVIew+Shadow.swift */; };
		F4285276245C31EA00C381DE /* UIImage+FromBundle.swift in Sources */ = {isa = PBXBuildFile; fileRef = F4285275245C31EA00C381DE /* UIImage+FromBundle.swift */; };
		F4285278245C327700C381DE /* UIButton+Image.swift in Sources */ = {isa = PBXBuildFile; fileRef = F4285277245C327700C381DE /* UIButton+Image.swift */; };
		F428527A245C34F700C381DE /* DEImageHelper.swift in Sources */ = {isa = PBXBuildFile; fileRef = F4285279245C34F700C381DE /* DEImageHelper.swift */; };
		F43DDF7E2472327800776941 /* String+Substring.swift in Sources */ = {isa = PBXBuildFile; fileRef = F43DDF7D2472327800776941 /* String+Substring.swift */; };
		F43DDF8024723FC100776941 /* Purchasing.swift in Sources */ = {isa = PBXBuildFile; fileRef = F43DDF7F24723FC100776941 /* Purchasing.swift */; };
		F43DDF82247255E500776941 /* DEMainViewController+CollectionView.swift in Sources */ = {isa = PBXBuildFile; fileRef = F43DDF81247255E500776941 /* DEMainViewController+CollectionView.swift */; };
		F43DDF8424738EEA00776941 /* AddCancelButtonProtocol.swift in Sources */ = {isa = PBXBuildFile; fileRef = F43DDF8324738EEA00776941 /* AddCancelButtonProtocol.swift */; };
		F43DDF862473D51900776941 /* AppDelegate+BackgroundNotifications.swift in Sources */ = {isa = PBXBuildFile; fileRef = F43DDF852473D51900776941 /* AppDelegate+BackgroundNotifications.swift */; };
		F43DDF8824742E2100776941 /* Sync.swift in Sources */ = {isa = PBXBuildFile; fileRef = F43DDF8724742E2100776941 /* Sync.swift */; };
		F43DDF8A2474318D00776941 /* String+IsValidEmail.swift in Sources */ = {isa = PBXBuildFile; fileRef = F43DDF892474318D00776941 /* String+IsValidEmail.swift */; };
		F43DDF8C247447E100776941 /* SyncManager.swift in Sources */ = {isa = PBXBuildFile; fileRef = F43DDF8B247447E100776941 /* SyncManager.swift */; };
		F43DDF8E247449DD00776941 /* FirebaseStorageManager.swift in Sources */ = {isa = PBXBuildFile; fileRef = F43DDF8D247449DD00776941 /* FirebaseStorageManager.swift */; };
		F43DDF9124756C4D00776941 /* FCMToken.swift in Sources */ = {isa = PBXBuildFile; fileRef = F43DDF9024756C4D00776941 /* FCMToken.swift */; };
		F43DDF9324756F2C00776941 /* FirebasePersistenceManager+FCMToken.swift in Sources */ = {isa = PBXBuildFile; fileRef = F43DDF9224756F2C00776941 /* FirebasePersistenceManager+FCMToken.swift */; };
		F43DDF962475BD9600776941 /* GoogleService-Info.plist in Resources */ = {isa = PBXBuildFile; fileRef = F43DDF952475BD9500776941 /* GoogleService-Info.plist */; };
		F4503328247675B100307417 /* ExplanationViewController.swift in Sources */ = {isa = PBXBuildFile; fileRef = F4503327247675B100307417 /* ExplanationViewController.swift */; };
		F450332A2476879B00307417 /* AddHelpButtonProtocol.swift in Sources */ = {isa = PBXBuildFile; fileRef = F45033292476879B00307417 /* AddHelpButtonProtocol.swift */; };
		F450332C247688F800307417 /* Explanation.swift in Sources */ = {isa = PBXBuildFile; fileRef = F450332B247688F800307417 /* Explanation.swift */; };
		F48E65E4245FF37900CA56FE /* GRCreateNotificationCard.swift in Sources */ = {isa = PBXBuildFile; fileRef = F48E65E3245FF37900CA56FE /* GRCreateNotificationCard.swift */; };
		F48E65E6245FF3A200CA56FE /* GRNotificationCard.swift in Sources */ = {isa = PBXBuildFile; fileRef = F48E65E5245FF3A200CA56FE /* GRNotificationCard.swift */; };
		F4C08CC824647118004D558E /* FileManager+SubDocuments.swift in Sources */ = {isa = PBXBuildFile; fileRef = F4C08CC724647118004D558E /* FileManager+SubDocuments.swift */; };
		F4C1175B24655E3900A145CB /* GRReadBookViewController.swift in Sources */ = {isa = PBXBuildFile; fileRef = F4C1175A24655E3900A145CB /* GRReadBookViewController.swift */; };
		F4C1175E246564DE00A145CB /* FolioReader+EZRemember.swift in Sources */ = {isa = PBXBuildFile; fileRef = F4C1175D246564DE00A145CB /* FolioReader+EZRemember.swift */; };
		F4C2025A246695E100D59245 /* Notifications+EZRemember.swift in Sources */ = {isa = PBXBuildFile; fileRef = F4C20259246695E100D59245 /* Notifications+EZRemember.swift */; };
		F4C2025C246699C200D59245 /* BookDetails.swift in Sources */ = {isa = PBXBuildFile; fileRef = F4C2025B246699C200D59245 /* BookDetails.swift */; };
		F4C2025E2466AA4100D59245 /* GRLanguagesCard.swift in Sources */ = {isa = PBXBuildFile; fileRef = F4C2025D2466AA4100D59245 /* GRLanguagesCard.swift */; };
		F4C2026124672B8D00D59245 /* ShowEpubReaderProtocol.swift in Sources */ = {isa = PBXBuildFile; fileRef = F4C2026024672B8D00D59245 /* ShowEpubReaderProtocol.swift */; };
		F4E0E6ED246A80E800EA0827 /* RulesProtocol.swift in Sources */ = {isa = PBXBuildFile; fileRef = F4E0E6EC246A80E800EA0827 /* RulesProtocol.swift */; };
		F4E0E6F0246BF5AF00EA0827 /* CardClickedProtocol.swift in Sources */ = {isa = PBXBuildFile; fileRef = F4E0E6EF246BF5AF00EA0827 /* CardClickedProtocol.swift */; };
		F4E0E6F2246C0A8100EA0827 /* GRBootstrapElement+Clicked.swift in Sources */ = {isa = PBXBuildFile; fileRef = F4E0E6F1246C0A8100EA0827 /* GRBootstrapElement+Clicked.swift */; };
		F4E0E6F6246C70BB00EA0827 /* jy_IN.epub in Resources */ = {isa = PBXBuildFile; fileRef = F4E0E6F5246C705E00EA0827 /* jy_IN.epub */; };
		F4E0E6F7246C70BE00EA0827 /* ylioppilas.epub in Resources */ = {isa = PBXBuildFile; fileRef = F4C2026624682F4800D59245 /* ylioppilas.epub */; };
		F4F1A3EACA9D508B69DE148E /* Pods_EZRemember.framework in Frameworks */ = {isa = PBXBuildFile; fileRef = A041E719063883CC004C797A /* Pods_EZRemember.framework */; };
		F4F5377F24601A630009D3DC /* NotificationsManager.swift in Sources */ = {isa = PBXBuildFile; fileRef = F4F5377E24601A630009D3DC /* NotificationsManager.swift */; };
		F4F53793246062220009D3DC /* SceneDelegate+TabController.swift in Sources */ = {isa = PBXBuildFile; fileRef = F4F53792246062220009D3DC /* SceneDelegate+TabController.swift */; };
		F4F53799246085A60009D3DC /* DEScheduleViewController.swift in Sources */ = {isa = PBXBuildFile; fileRef = F4F53798246085A60009D3DC /* DEScheduleViewController.swift */; };
		F4F5379B246097980009D3DC /* ScheduleManager.swift in Sources */ = {isa = PBXBuildFile; fileRef = F4F5379A246097980009D3DC /* ScheduleManager.swift */; };
		F4F5379F2461108F0009D3DC /* UtilityFunctions.swift in Sources */ = {isa = PBXBuildFile; fileRef = F4F5379E2461108F0009D3DC /* UtilityFunctions.swift */; };
		F4F537A124611C460009D3DC /* UITableView+Empty.swift in Sources */ = {isa = PBXBuildFile; fileRef = F4F537A024611C460009D3DC /* UITableView+Empty.swift */; };
		F4F537A32461269B0009D3DC /* CustomFontBook.swift in Sources */ = {isa = PBXBuildFile; fileRef = F4F537A22461269B0009D3DC /* CustomFontBook.swift */; };
		F4F537B9246127200009D3DC /* Poppins-ExtraLight.ttf in Resources */ = {isa = PBXBuildFile; fileRef = F4F537A6246127200009D3DC /* Poppins-ExtraLight.ttf */; };
		F4F537BA246127200009D3DC /* Poppins-ThinItalic.ttf in Resources */ = {isa = PBXBuildFile; fileRef = F4F537A7246127200009D3DC /* Poppins-ThinItalic.ttf */; };
		F4F537BB246127200009D3DC /* Poppins-ExtraLightItalic.ttf in Resources */ = {isa = PBXBuildFile; fileRef = F4F537A8246127200009D3DC /* Poppins-ExtraLightItalic.ttf */; };
		F4F537BC246127200009D3DC /* Poppins-BoldItalic.ttf in Resources */ = {isa = PBXBuildFile; fileRef = F4F537A9246127200009D3DC /* Poppins-BoldItalic.ttf */; };
		F4F537BD246127200009D3DC /* Poppins-Light.ttf in Resources */ = {isa = PBXBuildFile; fileRef = F4F537AA246127200009D3DC /* Poppins-Light.ttf */; };
		F4F537BE246127200009D3DC /* Poppins-Medium.ttf in Resources */ = {isa = PBXBuildFile; fileRef = F4F537AB246127200009D3DC /* Poppins-Medium.ttf */; };
		F4F537BF246127200009D3DC /* Poppins-SemiBoldItalic.ttf in Resources */ = {isa = PBXBuildFile; fileRef = F4F537AC246127200009D3DC /* Poppins-SemiBoldItalic.ttf */; };
		F4F537C0246127200009D3DC /* Poppins-ExtraBoldItalic.ttf in Resources */ = {isa = PBXBuildFile; fileRef = F4F537AD246127200009D3DC /* Poppins-ExtraBoldItalic.ttf */; };
		F4F537C1246127200009D3DC /* Poppins-ExtraBold.ttf in Resources */ = {isa = PBXBuildFile; fileRef = F4F537AE246127200009D3DC /* Poppins-ExtraBold.ttf */; };
		F4F537C2246127200009D3DC /* Poppins-BlackItalic.ttf in Resources */ = {isa = PBXBuildFile; fileRef = F4F537AF246127200009D3DC /* Poppins-BlackItalic.ttf */; };
		F4F537C3246127200009D3DC /* OFL.txt in Resources */ = {isa = PBXBuildFile; fileRef = F4F537B0246127200009D3DC /* OFL.txt */; };
		F4F537C4246127200009D3DC /* Poppins-Regular.ttf in Resources */ = {isa = PBXBuildFile; fileRef = F4F537B1246127200009D3DC /* Poppins-Regular.ttf */; };
		F4F537C5246127200009D3DC /* Poppins-LightItalic.ttf in Resources */ = {isa = PBXBuildFile; fileRef = F4F537B2246127200009D3DC /* Poppins-LightItalic.ttf */; };
		F4F537C6246127200009D3DC /* Poppins-Bold.ttf in Resources */ = {isa = PBXBuildFile; fileRef = F4F537B3246127200009D3DC /* Poppins-Bold.ttf */; };
		F4F537C7246127200009D3DC /* Poppins-Black.ttf in Resources */ = {isa = PBXBuildFile; fileRef = F4F537B4246127200009D3DC /* Poppins-Black.ttf */; };
		F4F537C8246127200009D3DC /* Poppins-Thin.ttf in Resources */ = {isa = PBXBuildFile; fileRef = F4F537B5246127200009D3DC /* Poppins-Thin.ttf */; };
		F4F537C9246127200009D3DC /* Poppins-SemiBold.ttf in Resources */ = {isa = PBXBuildFile; fileRef = F4F537B6246127200009D3DC /* Poppins-SemiBold.ttf */; };
		F4F537CA246127200009D3DC /* Poppins-Italic.ttf in Resources */ = {isa = PBXBuildFile; fileRef = F4F537B7246127200009D3DC /* Poppins-Italic.ttf */; };
		F4F537CB246127200009D3DC /* Poppins-MediumItalic.ttf in Resources */ = {isa = PBXBuildFile; fileRef = F4F537B8246127200009D3DC /* Poppins-MediumItalic.ttf */; };
		F4F537CD2461297F0009D3DC /* UILabel+Extensions.swift in Sources */ = {isa = PBXBuildFile; fileRef = F4F537CC2461297F0009D3DC /* UILabel+Extensions.swift */; };
		F4F537CF24613ED60009D3DC /* Style+Colors.swift in Sources */ = {isa = PBXBuildFile; fileRef = F4F537CE24613ED60009D3DC /* Style+Colors.swift */; };
		F4F537D12461413F0009D3DC /* GRBootstrapElement+ResignResponder.swift in Sources */ = {isa = PBXBuildFile; fileRef = F4F537D02461413F0009D3DC /* GRBootstrapElement+ResignResponder.swift */; };
		F4F537D3246162DA0009D3DC /* GRBootstrapElement+Delete.swift in Sources */ = {isa = PBXBuildFile; fileRef = F4F537D2246162DA0009D3DC /* GRBootstrapElement+Delete.swift */; };
		F4F537D72461DDE70009D3DC /* DENumberCard.swift in Sources */ = {isa = PBXBuildFile; fileRef = F4F537D62461DDE70009D3DC /* DENumberCard.swift */; };
		F4F537D92461DE2E0009D3DC /* DETimeViewCell.swift in Sources */ = {isa = PBXBuildFile; fileRef = F4F537D82461DE2E0009D3DC /* DETimeViewCell.swift */; };
		F4F537DB2461DE5B0009D3DC /* DEScheduleView.swift in Sources */ = {isa = PBXBuildFile; fileRef = F4F537DA2461DE5B0009D3DC /* DEScheduleView.swift */; };
		F4F537DE246276B50009D3DC /* Notification.swift in Sources */ = {isa = PBXBuildFile; fileRef = F4F537DD246276B50009D3DC /* Notification.swift */; };
		F4F537E0246290410009D3DC /* GRMessageCard.swift in Sources */ = {isa = PBXBuildFile; fileRef = F4F537DF246290410009D3DC /* GRMessageCard.swift */; };
		F4F537E22462DE8A0009D3DC /* AppDelegate+RemoteNotifications.swift in Sources */ = {isa = PBXBuildFile; fileRef = F4F537E12462DE8A0009D3DC /* AppDelegate+RemoteNotifications.swift */; };
		F4F537E42463AFDF0009D3DC /* DEEpubReaderController.swift in Sources */ = {isa = PBXBuildFile; fileRef = F4F537E32463AFDE0009D3DC /* DEEpubReaderController.swift */; };
		F4F537E62463B0FB0009D3DC /* UserNotificationScheduler.swift in Sources */ = {isa = PBXBuildFile; fileRef = F4F537E52463B0FB0009D3DC /* UserNotificationScheduler.swift */; };
		F4F537E82463B1880009D3DC /* Style+LargeHeader.swift in Sources */ = {isa = PBXBuildFile; fileRef = F4F537E72463B1880009D3DC /* Style+LargeHeader.swift */; };
		F4F537EB2463B3A60009D3DC /* Dune.epub in Resources */ = {isa = PBXBuildFile; fileRef = F4F537EA2463B2EB0009D3DC /* Dune.epub */; };
		F4F537F1246404B70009D3DC /* TranslateManager.swift in Sources */ = {isa = PBXBuildFile; fileRef = F4F537F0246404B70009D3DC /* TranslateManager.swift */; };
		F4F537F32464064F0009D3DC /* GRNetworking.swift in Sources */ = {isa = PBXBuildFile; fileRef = F4F537F22464064F0009D3DC /* GRNetworking.swift */; };
		F4F537F5246413E90009D3DC /* FirebasePersistanceManager+Watching.swift in Sources */ = {isa = PBXBuildFile; fileRef = F4F537F4246413E90009D3DC /* FirebasePersistanceManager+Watching.swift */; };
		F4F537F724641A520009D3DC /* DEShowTranslationsViewController.swift in Sources */ = {isa = PBXBuildFile; fileRef = F4F537F624641A520009D3DC /* DEShowTranslationsViewController.swift */; };
		F4F537F9246420C50009D3DC /* String+Pinyin.swift in Sources */ = {isa = PBXBuildFile; fileRef = F4F537F8246420C50009D3DC /* String+Pinyin.swift */; };
/* End PBXBuildFile section */

/* Begin PBXContainerItemProxy section */
		F428524F245BFA5F00C381DE /* PBXContainerItemProxy */ = {
			isa = PBXContainerItemProxy;
			containerPortal = F4285230245BFA5E00C381DE /* Project object */;
			proxyType = 1;
			remoteGlobalIDString = F4285237245BFA5E00C381DE;
			remoteInfo = EZRemember;
		};
		F428525A245BFA5F00C381DE /* PBXContainerItemProxy */ = {
			isa = PBXContainerItemProxy;
			containerPortal = F4285230245BFA5E00C381DE /* Project object */;
			proxyType = 1;
			remoteGlobalIDString = F4285237245BFA5E00C381DE;
			remoteInfo = EZRemember;
		};
/* End PBXContainerItemProxy section */

/* Begin PBXFileReference section */
		0A03359E346236DB448F3407 /* Pods_EZRememberTests.framework */ = {isa = PBXFileReference; explicitFileType = wrapper.framework; includeInIndex = 0; path = Pods_EZRememberTests.framework; sourceTree = BUILT_PRODUCTS_DIR; };
		245370A744907098C2B09E8C /* Pods_EZRememberUITests.framework */ = {isa = PBXFileReference; explicitFileType = wrapper.framework; includeInIndex = 0; path = Pods_EZRememberUITests.framework; sourceTree = BUILT_PRODUCTS_DIR; };
		259168778B4E7DBF1FEDE6CA /* Pods-EZRemember.debug.xcconfig */ = {isa = PBXFileReference; includeInIndex = 1; lastKnownFileType = text.xcconfig; name = "Pods-EZRemember.debug.xcconfig"; path = "Target Support Files/Pods-EZRemember/Pods-EZRemember.debug.xcconfig"; sourceTree = "<group>"; };
		2909E7184064B09D39D470FD /* Pods-EZRemember.release.xcconfig */ = {isa = PBXFileReference; includeInIndex = 1; lastKnownFileType = text.xcconfig; name = "Pods-EZRemember.release.xcconfig"; path = "Target Support Files/Pods-EZRemember/Pods-EZRemember.release.xcconfig"; sourceTree = "<group>"; };
		306DDE41D00DB151BFAF21F0 /* Pods-EZRememberUITests.debug.xcconfig */ = {isa = PBXFileReference; includeInIndex = 1; lastKnownFileType = text.xcconfig; name = "Pods-EZRememberUITests.debug.xcconfig"; path = "Target Support Files/Pods-EZRememberUITests/Pods-EZRememberUITests.debug.xcconfig"; sourceTree = "<group>"; };
		6C086F3604E1D1BE3AC8C224 /* Pods-EZRememberUITests.release.xcconfig */ = {isa = PBXFileReference; includeInIndex = 1; lastKnownFileType = text.xcconfig; name = "Pods-EZRememberUITests.release.xcconfig"; path = "Target Support Files/Pods-EZRememberUITests/Pods-EZRememberUITests.release.xcconfig"; sourceTree = "<group>"; };
		6F0E3443B0A114725AC933FC /* Pods-EZRememberTests.release.xcconfig */ = {isa = PBXFileReference; includeInIndex = 1; lastKnownFileType = text.xcconfig; name = "Pods-EZRememberTests.release.xcconfig"; path = "Target Support Files/Pods-EZRememberTests/Pods-EZRememberTests.release.xcconfig"; sourceTree = "<group>"; };
		A041E719063883CC004C797A /* Pods_EZRemember.framework */ = {isa = PBXFileReference; explicitFileType = wrapper.framework; includeInIndex = 0; path = Pods_EZRemember.framework; sourceTree = BUILT_PRODUCTS_DIR; };
		D6EA27F11652034F71BF6BCF /* Pods-EZRememberTests.debug.xcconfig */ = {isa = PBXFileReference; includeInIndex = 1; lastKnownFileType = text.xcconfig; name = "Pods-EZRememberTests.debug.xcconfig"; path = "Target Support Files/Pods-EZRememberTests/Pods-EZRememberTests.debug.xcconfig"; sourceTree = "<group>"; };
		F421B22A24694AA8007DE745 /* DESyncViewController.swift */ = {isa = PBXFileReference; lastKnownFileType = sourcecode.swift; path = DESyncViewController.swift; sourceTree = "<group>"; };
		F421B22C24696913007DE745 /* Array+ToDictionary.swift */ = {isa = PBXFileReference; lastKnownFileType = sourcecode.swift; path = "Array+ToDictionary.swift"; sourceTree = "<group>"; };
		F421B22E24698DE9007DE745 /* EbookCell.swift */ = {isa = PBXFileReference; lastKnownFileType = sourcecode.swift; path = EbookCell.swift; sourceTree = "<group>"; };
		F421B23124698E38007DE745 /* EBookHandler.swift */ = {isa = PBXFileReference; lastKnownFileType = sourcecode.swift; path = EBookHandler.swift; sourceTree = "<group>"; };
		F421B233246A4E4A007DE745 /* Constants.swift */ = {isa = PBXFileReference; lastKnownFileType = sourcecode.swift; path = Constants.swift; sourceTree = "<group>"; };
		F421B237246A582C007DE745 /* GRPurchasingColumn.swift */ = {isa = PBXFileReference; lastKnownFileType = sourcecode.swift; path = GRPurchasingColumn.swift; sourceTree = "<group>"; };
		F421B239246A5E75007DE745 /* GRTitleAndButtonCard.swift */ = {isa = PBXFileReference; lastKnownFileType = sourcecode.swift; path = GRTitleAndButtonCard.swift; sourceTree = "<group>"; };
		F421B23B246A6112007DE745 /* GRPurchasingCard.swift */ = {isa = PBXFileReference; lastKnownFileType = sourcecode.swift; path = GRPurchasingCard.swift; sourceTree = "<group>"; };
		F421B23D246A6482007DE745 /* GRPurchasingViewController.swift */ = {isa = PBXFileReference; lastKnownFileType = sourcecode.swift; path = GRPurchasingViewController.swift; sourceTree = "<group>"; };
		F4285238245BFA5E00C381DE /* EZRemember.app */ = {isa = PBXFileReference; explicitFileType = wrapper.application; includeInIndex = 0; path = EZRemember.app; sourceTree = BUILT_PRODUCTS_DIR; };
		F428523B245BFA5E00C381DE /* AppDelegate.swift */ = {isa = PBXFileReference; lastKnownFileType = sourcecode.swift; path = AppDelegate.swift; sourceTree = "<group>"; };
		F428523D245BFA5E00C381DE /* SceneDelegate.swift */ = {isa = PBXFileReference; lastKnownFileType = sourcecode.swift; path = SceneDelegate.swift; sourceTree = "<group>"; };
		F428523F245BFA5E00C381DE /* ViewController.swift */ = {isa = PBXFileReference; lastKnownFileType = sourcecode.swift; path = ViewController.swift; sourceTree = "<group>"; };
		F4285242245BFA5E00C381DE /* Base */ = {isa = PBXFileReference; lastKnownFileType = file.storyboard; name = Base; path = Base.lproj/Main.storyboard; sourceTree = "<group>"; };
		F4285244245BFA5F00C381DE /* Assets.xcassets */ = {isa = PBXFileReference; lastKnownFileType = folder.assetcatalog; path = Assets.xcassets; sourceTree = "<group>"; };
		F4285247245BFA5F00C381DE /* Base */ = {isa = PBXFileReference; lastKnownFileType = file.storyboard; name = Base; path = Base.lproj/LaunchScreen.storyboard; sourceTree = "<group>"; };
		F4285249245BFA5F00C381DE /* Info.plist */ = {isa = PBXFileReference; lastKnownFileType = text.plist.xml; path = Info.plist; sourceTree = "<group>"; };
		F428524E245BFA5F00C381DE /* EZRememberTests.xctest */ = {isa = PBXFileReference; explicitFileType = wrapper.cfbundle; includeInIndex = 0; path = EZRememberTests.xctest; sourceTree = BUILT_PRODUCTS_DIR; };
		F4285252245BFA5F00C381DE /* EZRememberTests.swift */ = {isa = PBXFileReference; lastKnownFileType = sourcecode.swift; path = EZRememberTests.swift; sourceTree = "<group>"; };
		F4285254245BFA5F00C381DE /* Info.plist */ = {isa = PBXFileReference; lastKnownFileType = text.plist.xml; path = Info.plist; sourceTree = "<group>"; };
		F4285259245BFA5F00C381DE /* EZRememberUITests.xctest */ = {isa = PBXFileReference; explicitFileType = wrapper.cfbundle; includeInIndex = 0; path = EZRememberUITests.xctest; sourceTree = BUILT_PRODUCTS_DIR; };
		F428525D245BFA5F00C381DE /* EZRememberUITests.swift */ = {isa = PBXFileReference; lastKnownFileType = sourcecode.swift; path = EZRememberUITests.swift; sourceTree = "<group>"; };
		F428525F245BFA5F00C381DE /* Info.plist */ = {isa = PBXFileReference; lastKnownFileType = text.plist.xml; path = Info.plist; sourceTree = "<group>"; };
		F428526C245BFCC600C381DE /* DEMainViewController.swift */ = {isa = PBXFileReference; lastKnownFileType = sourcecode.swift; path = DEMainViewController.swift; sourceTree = "<group>"; };
		F428526F245C253500C381DE /* UIVIew+Shadow.swift */ = {isa = PBXFileReference; lastKnownFileType = sourcecode.swift; path = "UIVIew+Shadow.swift"; sourceTree = "<group>"; };
		F4285275245C31EA00C381DE /* UIImage+FromBundle.swift */ = {isa = PBXFileReference; lastKnownFileType = sourcecode.swift; path = "UIImage+FromBundle.swift"; sourceTree = "<group>"; };
		F4285277245C327700C381DE /* UIButton+Image.swift */ = {isa = PBXFileReference; lastKnownFileType = sourcecode.swift; path = "UIButton+Image.swift"; sourceTree = "<group>"; };
		F4285279245C34F700C381DE /* DEImageHelper.swift */ = {isa = PBXFileReference; lastKnownFileType = sourcecode.swift; path = DEImageHelper.swift; sourceTree = "<group>"; };
		F43DDF7D2472327800776941 /* String+Substring.swift */ = {isa = PBXFileReference; lastKnownFileType = sourcecode.swift; path = "String+Substring.swift"; sourceTree = "<group>"; };
		F43DDF7F24723FC100776941 /* Purchasing.swift */ = {isa = PBXFileReference; lastKnownFileType = sourcecode.swift; path = Purchasing.swift; sourceTree = "<group>"; };
		F43DDF81247255E500776941 /* DEMainViewController+CollectionView.swift */ = {isa = PBXFileReference; lastKnownFileType = sourcecode.swift; path = "DEMainViewController+CollectionView.swift"; sourceTree = "<group>"; };
		F43DDF8324738EEA00776941 /* AddCancelButtonProtocol.swift */ = {isa = PBXFileReference; lastKnownFileType = sourcecode.swift; path = AddCancelButtonProtocol.swift; sourceTree = "<group>"; };
		F43DDF852473D51900776941 /* AppDelegate+BackgroundNotifications.swift */ = {isa = PBXFileReference; lastKnownFileType = sourcecode.swift; path = "AppDelegate+BackgroundNotifications.swift"; sourceTree = "<group>"; };
		F43DDF8724742E2100776941 /* Sync.swift */ = {isa = PBXFileReference; lastKnownFileType = sourcecode.swift; path = Sync.swift; sourceTree = "<group>"; };
		F43DDF892474318D00776941 /* String+IsValidEmail.swift */ = {isa = PBXFileReference; lastKnownFileType = sourcecode.swift; path = "String+IsValidEmail.swift"; sourceTree = "<group>"; };
		F43DDF8B247447E100776941 /* SyncManager.swift */ = {isa = PBXFileReference; lastKnownFileType = sourcecode.swift; path = SyncManager.swift; sourceTree = "<group>"; };
		F43DDF8D247449DD00776941 /* FirebaseStorageManager.swift */ = {isa = PBXFileReference; lastKnownFileType = sourcecode.swift; path = FirebaseStorageManager.swift; sourceTree = "<group>"; };
		F43DDF9024756C4D00776941 /* FCMToken.swift */ = {isa = PBXFileReference; lastKnownFileType = sourcecode.swift; path = FCMToken.swift; sourceTree = "<group>"; };
		F43DDF9224756F2C00776941 /* FirebasePersistenceManager+FCMToken.swift */ = {isa = PBXFileReference; lastKnownFileType = sourcecode.swift; path = "FirebasePersistenceManager+FCMToken.swift"; sourceTree = "<group>"; };
		F43DDF942475ADDA00776941 /* EZRemember.entitlements */ = {isa = PBXFileReference; lastKnownFileType = text.plist.entitlements; path = EZRemember.entitlements; sourceTree = "<group>"; };
		F43DDF952475BD9500776941 /* GoogleService-Info.plist */ = {isa = PBXFileReference; fileEncoding = 4; lastKnownFileType = text.plist.xml; path = "GoogleService-Info.plist"; sourceTree = "<group>"; };
		F4503327247675B100307417 /* ExplanationViewController.swift */ = {isa = PBXFileReference; lastKnownFileType = sourcecode.swift; path = ExplanationViewController.swift; sourceTree = "<group>"; };
		F45033292476879B00307417 /* AddHelpButtonProtocol.swift */ = {isa = PBXFileReference; lastKnownFileType = sourcecode.swift; path = AddHelpButtonProtocol.swift; sourceTree = "<group>"; };
		F450332B247688F800307417 /* Explanation.swift */ = {isa = PBXFileReference; lastKnownFileType = sourcecode.swift; path = Explanation.swift; sourceTree = "<group>"; };
		F48E65E3245FF37900CA56FE /* GRCreateNotificationCard.swift */ = {isa = PBXFileReference; lastKnownFileType = sourcecode.swift; path = GRCreateNotificationCard.swift; sourceTree = "<group>"; };
		F48E65E5245FF3A200CA56FE /* GRNotificationCard.swift */ = {isa = PBXFileReference; lastKnownFileType = sourcecode.swift; path = GRNotificationCard.swift; sourceTree = "<group>"; };
		F4C08CC724647118004D558E /* FileManager+SubDocuments.swift */ = {isa = PBXFileReference; lastKnownFileType = sourcecode.swift; path = "FileManager+SubDocuments.swift"; sourceTree = "<group>"; };
		F4C1175A24655E3900A145CB /* GRReadBookViewController.swift */ = {isa = PBXFileReference; lastKnownFileType = sourcecode.swift; path = GRReadBookViewController.swift; sourceTree = "<group>"; };
		F4C1175D246564DE00A145CB /* FolioReader+EZRemember.swift */ = {isa = PBXFileReference; lastKnownFileType = sourcecode.swift; path = "FolioReader+EZRemember.swift"; sourceTree = "<group>"; };
		F4C20259246695E100D59245 /* Notifications+EZRemember.swift */ = {isa = PBXFileReference; lastKnownFileType = sourcecode.swift; path = "Notifications+EZRemember.swift"; sourceTree = "<group>"; };
		F4C2025B246699C200D59245 /* BookDetails.swift */ = {isa = PBXFileReference; lastKnownFileType = sourcecode.swift; path = BookDetails.swift; sourceTree = "<group>"; };
		F4C2025D2466AA4100D59245 /* GRLanguagesCard.swift */ = {isa = PBXFileReference; lastKnownFileType = sourcecode.swift; path = GRLanguagesCard.swift; sourceTree = "<group>"; };
		F4C2026024672B8D00D59245 /* ShowEpubReaderProtocol.swift */ = {isa = PBXFileReference; lastKnownFileType = sourcecode.swift; path = ShowEpubReaderProtocol.swift; sourceTree = "<group>"; };
		F4C2026624682F4800D59245 /* ylioppilas.epub */ = {isa = PBXFileReference; lastKnownFileType = file; path = ylioppilas.epub; sourceTree = "<group>"; };
		F4E0E6EC246A80E800EA0827 /* RulesProtocol.swift */ = {isa = PBXFileReference; lastKnownFileType = sourcecode.swift; path = RulesProtocol.swift; sourceTree = "<group>"; };
		F4E0E6EF246BF5AF00EA0827 /* CardClickedProtocol.swift */ = {isa = PBXFileReference; lastKnownFileType = sourcecode.swift; path = CardClickedProtocol.swift; sourceTree = "<group>"; };
		F4E0E6F1246C0A8100EA0827 /* GRBootstrapElement+Clicked.swift */ = {isa = PBXFileReference; lastKnownFileType = sourcecode.swift; path = "GRBootstrapElement+Clicked.swift"; sourceTree = "<group>"; };
		F4E0E6F5246C705E00EA0827 /* jy_IN.epub */ = {isa = PBXFileReference; lastKnownFileType = file; path = jy_IN.epub; sourceTree = "<group>"; };
		F4F5377E24601A630009D3DC /* NotificationsManager.swift */ = {isa = PBXFileReference; lastKnownFileType = sourcecode.swift; path = NotificationsManager.swift; sourceTree = "<group>"; };
		F4F53792246062220009D3DC /* SceneDelegate+TabController.swift */ = {isa = PBXFileReference; lastKnownFileType = sourcecode.swift; path = "SceneDelegate+TabController.swift"; sourceTree = "<group>"; };
		F4F53798246085A60009D3DC /* DEScheduleViewController.swift */ = {isa = PBXFileReference; lastKnownFileType = sourcecode.swift; path = DEScheduleViewController.swift; sourceTree = "<group>"; };
		F4F5379A246097980009D3DC /* ScheduleManager.swift */ = {isa = PBXFileReference; lastKnownFileType = sourcecode.swift; path = ScheduleManager.swift; sourceTree = "<group>"; };
		F4F5379E2461108F0009D3DC /* UtilityFunctions.swift */ = {isa = PBXFileReference; lastKnownFileType = sourcecode.swift; path = UtilityFunctions.swift; sourceTree = "<group>"; };
		F4F537A024611C460009D3DC /* UITableView+Empty.swift */ = {isa = PBXFileReference; lastKnownFileType = sourcecode.swift; path = "UITableView+Empty.swift"; sourceTree = "<group>"; };
		F4F537A22461269B0009D3DC /* CustomFontBook.swift */ = {isa = PBXFileReference; lastKnownFileType = sourcecode.swift; path = CustomFontBook.swift; sourceTree = "<group>"; };
		F4F537A6246127200009D3DC /* Poppins-ExtraLight.ttf */ = {isa = PBXFileReference; lastKnownFileType = file; path = "Poppins-ExtraLight.ttf"; sourceTree = "<group>"; };
		F4F537A7246127200009D3DC /* Poppins-ThinItalic.ttf */ = {isa = PBXFileReference; lastKnownFileType = file; path = "Poppins-ThinItalic.ttf"; sourceTree = "<group>"; };
		F4F537A8246127200009D3DC /* Poppins-ExtraLightItalic.ttf */ = {isa = PBXFileReference; lastKnownFileType = file; path = "Poppins-ExtraLightItalic.ttf"; sourceTree = "<group>"; };
		F4F537A9246127200009D3DC /* Poppins-BoldItalic.ttf */ = {isa = PBXFileReference; lastKnownFileType = file; path = "Poppins-BoldItalic.ttf"; sourceTree = "<group>"; };
		F4F537AA246127200009D3DC /* Poppins-Light.ttf */ = {isa = PBXFileReference; lastKnownFileType = file; path = "Poppins-Light.ttf"; sourceTree = "<group>"; };
		F4F537AB246127200009D3DC /* Poppins-Medium.ttf */ = {isa = PBXFileReference; lastKnownFileType = file; path = "Poppins-Medium.ttf"; sourceTree = "<group>"; };
		F4F537AC246127200009D3DC /* Poppins-SemiBoldItalic.ttf */ = {isa = PBXFileReference; lastKnownFileType = file; path = "Poppins-SemiBoldItalic.ttf"; sourceTree = "<group>"; };
		F4F537AD246127200009D3DC /* Poppins-ExtraBoldItalic.ttf */ = {isa = PBXFileReference; lastKnownFileType = file; path = "Poppins-ExtraBoldItalic.ttf"; sourceTree = "<group>"; };
		F4F537AE246127200009D3DC /* Poppins-ExtraBold.ttf */ = {isa = PBXFileReference; lastKnownFileType = file; path = "Poppins-ExtraBold.ttf"; sourceTree = "<group>"; };
		F4F537AF246127200009D3DC /* Poppins-BlackItalic.ttf */ = {isa = PBXFileReference; lastKnownFileType = file; path = "Poppins-BlackItalic.ttf"; sourceTree = "<group>"; };
		F4F537B0246127200009D3DC /* OFL.txt */ = {isa = PBXFileReference; fileEncoding = 4; lastKnownFileType = text; path = OFL.txt; sourceTree = "<group>"; };
		F4F537B1246127200009D3DC /* Poppins-Regular.ttf */ = {isa = PBXFileReference; lastKnownFileType = file; path = "Poppins-Regular.ttf"; sourceTree = "<group>"; };
		F4F537B2246127200009D3DC /* Poppins-LightItalic.ttf */ = {isa = PBXFileReference; lastKnownFileType = file; path = "Poppins-LightItalic.ttf"; sourceTree = "<group>"; };
		F4F537B3246127200009D3DC /* Poppins-Bold.ttf */ = {isa = PBXFileReference; lastKnownFileType = file; path = "Poppins-Bold.ttf"; sourceTree = "<group>"; };
		F4F537B4246127200009D3DC /* Poppins-Black.ttf */ = {isa = PBXFileReference; lastKnownFileType = file; path = "Poppins-Black.ttf"; sourceTree = "<group>"; };
		F4F537B5246127200009D3DC /* Poppins-Thin.ttf */ = {isa = PBXFileReference; lastKnownFileType = file; path = "Poppins-Thin.ttf"; sourceTree = "<group>"; };
		F4F537B6246127200009D3DC /* Poppins-SemiBold.ttf */ = {isa = PBXFileReference; lastKnownFileType = file; path = "Poppins-SemiBold.ttf"; sourceTree = "<group>"; };
		F4F537B7246127200009D3DC /* Poppins-Italic.ttf */ = {isa = PBXFileReference; lastKnownFileType = file; path = "Poppins-Italic.ttf"; sourceTree = "<group>"; };
		F4F537B8246127200009D3DC /* Poppins-MediumItalic.ttf */ = {isa = PBXFileReference; lastKnownFileType = file; path = "Poppins-MediumItalic.ttf"; sourceTree = "<group>"; };
		F4F537CC2461297F0009D3DC /* UILabel+Extensions.swift */ = {isa = PBXFileReference; lastKnownFileType = sourcecode.swift; path = "UILabel+Extensions.swift"; sourceTree = "<group>"; };
		F4F537CE24613ED60009D3DC /* Style+Colors.swift */ = {isa = PBXFileReference; lastKnownFileType = sourcecode.swift; path = "Style+Colors.swift"; sourceTree = "<group>"; };
		F4F537D02461413F0009D3DC /* GRBootstrapElement+ResignResponder.swift */ = {isa = PBXFileReference; lastKnownFileType = sourcecode.swift; path = "GRBootstrapElement+ResignResponder.swift"; sourceTree = "<group>"; };
		F4F537D2246162DA0009D3DC /* GRBootstrapElement+Delete.swift */ = {isa = PBXFileReference; lastKnownFileType = sourcecode.swift; path = "GRBootstrapElement+Delete.swift"; sourceTree = "<group>"; };
		F4F537D62461DDE70009D3DC /* DENumberCard.swift */ = {isa = PBXFileReference; lastKnownFileType = sourcecode.swift; path = DENumberCard.swift; sourceTree = "<group>"; };
		F4F537D82461DE2E0009D3DC /* DETimeViewCell.swift */ = {isa = PBXFileReference; lastKnownFileType = sourcecode.swift; path = DETimeViewCell.swift; sourceTree = "<group>"; };
		F4F537DA2461DE5B0009D3DC /* DEScheduleView.swift */ = {isa = PBXFileReference; lastKnownFileType = sourcecode.swift; path = DEScheduleView.swift; sourceTree = "<group>"; };
		F4F537DD246276B50009D3DC /* Notification.swift */ = {isa = PBXFileReference; lastKnownFileType = sourcecode.swift; path = Notification.swift; sourceTree = "<group>"; };
		F4F537DF246290410009D3DC /* GRMessageCard.swift */ = {isa = PBXFileReference; lastKnownFileType = sourcecode.swift; path = GRMessageCard.swift; sourceTree = "<group>"; };
		F4F537E12462DE8A0009D3DC /* AppDelegate+RemoteNotifications.swift */ = {isa = PBXFileReference; lastKnownFileType = sourcecode.swift; path = "AppDelegate+RemoteNotifications.swift"; sourceTree = "<group>"; };
		F4F537E32463AFDE0009D3DC /* DEEpubReaderController.swift */ = {isa = PBXFileReference; lastKnownFileType = sourcecode.swift; path = DEEpubReaderController.swift; sourceTree = "<group>"; };
		F4F537E52463B0FB0009D3DC /* UserNotificationScheduler.swift */ = {isa = PBXFileReference; lastKnownFileType = sourcecode.swift; path = UserNotificationScheduler.swift; sourceTree = "<group>"; };
		F4F537E72463B1880009D3DC /* Style+LargeHeader.swift */ = {isa = PBXFileReference; lastKnownFileType = sourcecode.swift; path = "Style+LargeHeader.swift"; sourceTree = "<group>"; };
		F4F537EA2463B2EB0009D3DC /* Dune.epub */ = {isa = PBXFileReference; lastKnownFileType = file; path = Dune.epub; sourceTree = "<group>"; };
		F4F537F0246404B70009D3DC /* TranslateManager.swift */ = {isa = PBXFileReference; lastKnownFileType = sourcecode.swift; path = TranslateManager.swift; sourceTree = "<group>"; };
		F4F537F22464064F0009D3DC /* GRNetworking.swift */ = {isa = PBXFileReference; lastKnownFileType = sourcecode.swift; path = GRNetworking.swift; sourceTree = "<group>"; };
		F4F537F4246413E90009D3DC /* FirebasePersistanceManager+Watching.swift */ = {isa = PBXFileReference; lastKnownFileType = sourcecode.swift; path = "FirebasePersistanceManager+Watching.swift"; sourceTree = "<group>"; };
		F4F537F624641A520009D3DC /* DEShowTranslationsViewController.swift */ = {isa = PBXFileReference; lastKnownFileType = sourcecode.swift; path = DEShowTranslationsViewController.swift; sourceTree = "<group>"; };
		F4F537F8246420C50009D3DC /* String+Pinyin.swift */ = {isa = PBXFileReference; lastKnownFileType = sourcecode.swift; path = "String+Pinyin.swift"; sourceTree = "<group>"; };
/* End PBXFileReference section */

/* Begin PBXFrameworksBuildPhase section */
		F4285235245BFA5E00C381DE /* Frameworks */ = {
			isa = PBXFrameworksBuildPhase;
			buildActionMask = 2147483647;
			files = (
				F4F1A3EACA9D508B69DE148E /* Pods_EZRemember.framework in Frameworks */,
			);
			runOnlyForDeploymentPostprocessing = 0;
		};
		F428524B245BFA5F00C381DE /* Frameworks */ = {
			isa = PBXFrameworksBuildPhase;
			buildActionMask = 2147483647;
			files = (
				09D9691BE3F36392C06CEAC4 /* Pods_EZRememberTests.framework in Frameworks */,
			);
			runOnlyForDeploymentPostprocessing = 0;
		};
		F4285256245BFA5F00C381DE /* Frameworks */ = {
			isa = PBXFrameworksBuildPhase;
			buildActionMask = 2147483647;
			files = (
				8F6CD3D4D524E46B03D55FA6 /* Pods_EZRememberUITests.framework in Frameworks */,
			);
			runOnlyForDeploymentPostprocessing = 0;
		};
/* End PBXFrameworksBuildPhase section */

/* Begin PBXGroup section */
		0CCEBE7347B9670030E4F30D /* Pods */ = {
			isa = PBXGroup;
			children = (
				259168778B4E7DBF1FEDE6CA /* Pods-EZRemember.debug.xcconfig */,
				2909E7184064B09D39D470FD /* Pods-EZRemember.release.xcconfig */,
				D6EA27F11652034F71BF6BCF /* Pods-EZRememberTests.debug.xcconfig */,
				6F0E3443B0A114725AC933FC /* Pods-EZRememberTests.release.xcconfig */,
				306DDE41D00DB151BFAF21F0 /* Pods-EZRememberUITests.debug.xcconfig */,
				6C086F3604E1D1BE3AC8C224 /* Pods-EZRememberUITests.release.xcconfig */,
			);
			path = Pods;
			sourceTree = "<group>";
		};
		CC26F1FAFE324989DBAAA602 /* Frameworks */ = {
			isa = PBXGroup;
			children = (
				A041E719063883CC004C797A /* Pods_EZRemember.framework */,
				0A03359E346236DB448F3407 /* Pods_EZRememberTests.framework */,
				245370A744907098C2B09E8C /* Pods_EZRememberUITests.framework */,
			);
			name = Frameworks;
			sourceTree = "<group>";
		};
		F421B23024698E2F007DE745 /* Handler */ = {
			isa = PBXGroup;
			children = (
				F421B23124698E38007DE745 /* EBookHandler.swift */,
			);
			path = Handler;
			sourceTree = "<group>";
		};
		F428522F245BFA5E00C381DE = {
			isa = PBXGroup;
			children = (
				F43DDF952475BD9500776941 /* GoogleService-Info.plist */,
				F428523A245BFA5E00C381DE /* EZRemember */,
				F4285251245BFA5F00C381DE /* EZRememberTests */,
				F428525C245BFA5F00C381DE /* EZRememberUITests */,
				F4285239245BFA5E00C381DE /* Products */,
				0CCEBE7347B9670030E4F30D /* Pods */,
				CC26F1FAFE324989DBAAA602 /* Frameworks */,
			);
			sourceTree = "<group>";
		};
		F4285239245BFA5E00C381DE /* Products */ = {
			isa = PBXGroup;
			children = (
				F4285238245BFA5E00C381DE /* EZRemember.app */,
				F428524E245BFA5F00C381DE /* EZRememberTests.xctest */,
				F4285259245BFA5F00C381DE /* EZRememberUITests.xctest */,
			);
			name = Products;
			sourceTree = "<group>";
		};
		F428523A245BFA5E00C381DE /* EZRemember */ = {
			isa = PBXGroup;
			children = (
				F43DDF942475ADDA00776941 /* EZRemember.entitlements */,
				F421B23024698E2F007DE745 /* Handler */,
				F4C2025F24672B7F00D59245 /* Protocols */,
				F4C1175C246564C800A145CB /* FolioReader */,
				F4F537E92463B2DE0009D3DC /* Epubs */,
				F4F537DC246276A00009D3DC /* Models */,
				F4F537A4246127200009D3DC /* Fonts */,
				F4F5377D24601A2D0009D3DC /* NetworkLayer */,
				F48E65E2245FF34E00CA56FE /* Views */,
				F428526E245C252600C381DE /* Reusable Classes */,
				F428526B245BFCB700C381DE /* Controllers */,
				F428523B245BFA5E00C381DE /* AppDelegate.swift */,
				F428523D245BFA5E00C381DE /* SceneDelegate.swift */,
				F428523F245BFA5E00C381DE /* ViewController.swift */,
				F4285241245BFA5E00C381DE /* Main.storyboard */,
				F4285244245BFA5F00C381DE /* Assets.xcassets */,
				F4285246245BFA5F00C381DE /* LaunchScreen.storyboard */,
				F4285249245BFA5F00C381DE /* Info.plist */,
				F4F53792246062220009D3DC /* SceneDelegate+TabController.swift */,
				F4F5379E2461108F0009D3DC /* UtilityFunctions.swift */,
				F4F537E52463B0FB0009D3DC /* UserNotificationScheduler.swift */,
				F4C20259246695E100D59245 /* Notifications+EZRemember.swift */,
				F421B233246A4E4A007DE745 /* Constants.swift */,
				F43DDF852473D51900776941 /* AppDelegate+BackgroundNotifications.swift */,
			);
			path = EZRemember;
			sourceTree = "<group>";
		};
		F4285251245BFA5F00C381DE /* EZRememberTests */ = {
			isa = PBXGroup;
			children = (
				F4285252245BFA5F00C381DE /* EZRememberTests.swift */,
				F4285254245BFA5F00C381DE /* Info.plist */,
			);
			path = EZRememberTests;
			sourceTree = "<group>";
		};
		F428525C245BFA5F00C381DE /* EZRememberUITests */ = {
			isa = PBXGroup;
			children = (
				F428525D245BFA5F00C381DE /* EZRememberUITests.swift */,
				F428525F245BFA5F00C381DE /* Info.plist */,
			);
			path = EZRememberUITests;
			sourceTree = "<group>";
		};
		F428526B245BFCB700C381DE /* Controllers */ = {
			isa = PBXGroup;
			children = (
				F428526C245BFCC600C381DE /* DEMainViewController.swift */,
				F4F53798246085A60009D3DC /* DEScheduleViewController.swift */,
				F4F537E32463AFDE0009D3DC /* DEEpubReaderController.swift */,
				F4F537F624641A520009D3DC /* DEShowTranslationsViewController.swift */,
				F4C1175A24655E3900A145CB /* GRReadBookViewController.swift */,
				F421B22A24694AA8007DE745 /* DESyncViewController.swift */,
				F421B23D246A6482007DE745 /* GRPurchasingViewController.swift */,
				F43DDF81247255E500776941 /* DEMainViewController+CollectionView.swift */,
				F4503327247675B100307417 /* ExplanationViewController.swift */,
			);
			path = Controllers;
			sourceTree = "<group>";
		};
		F428526E245C252600C381DE /* Reusable Classes */ = {
			isa = PBXGroup;
			children = (
				F43DDF8F24756C3F00776941 /* Models */,
				F4F537EC2463D1F50009D3DC /* Extensions */,
				F421B237246A582C007DE745 /* GRPurchasingColumn.swift */,
				F428526F245C253500C381DE /* UIVIew+Shadow.swift */,
				F4285275245C31EA00C381DE /* UIImage+FromBundle.swift */,
				F4285277245C327700C381DE /* UIButton+Image.swift */,
				F4285279245C34F700C381DE /* DEImageHelper.swift */,
				F4F537A024611C460009D3DC /* UITableView+Empty.swift */,
				F4F537A22461269B0009D3DC /* CustomFontBook.swift */,
				F4F537CC2461297F0009D3DC /* UILabel+Extensions.swift */,
				F4F537CE24613ED60009D3DC /* Style+Colors.swift */,
				F4F537D02461413F0009D3DC /* GRBootstrapElement+ResignResponder.swift */,
				F4F537D2246162DA0009D3DC /* GRBootstrapElement+Delete.swift */,
				F4F537DF246290410009D3DC /* GRMessageCard.swift */,
				F4F537E12462DE8A0009D3DC /* AppDelegate+RemoteNotifications.swift */,
				F4F537E72463B1880009D3DC /* Style+LargeHeader.swift */,
				F4F537F22464064F0009D3DC /* GRNetworking.swift */,
				F4F537F4246413E90009D3DC /* FirebasePersistanceManager+Watching.swift */,
				F4F537F8246420C50009D3DC /* String+Pinyin.swift */,
				F4C08CC724647118004D558E /* FileManager+SubDocuments.swift */,
				F421B22C24696913007DE745 /* Array+ToDictionary.swift */,
				F421B239246A5E75007DE745 /* GRTitleAndButtonCard.swift */,
				F421B23B246A6112007DE745 /* GRPurchasingCard.swift */,
				F4E0E6F1246C0A8100EA0827 /* GRBootstrapElement+Clicked.swift */,
				F43DDF8D247449DD00776941 /* FirebaseStorageManager.swift */,
				F43DDF9224756F2C00776941 /* FirebasePersistenceManager+FCMToken.swift */,
			);
			path = "Reusable Classes";
			sourceTree = "<group>";
		};
		F43DDF8F24756C3F00776941 /* Models */ = {
			isa = PBXGroup;
			children = (
				F43DDF9024756C4D00776941 /* FCMToken.swift */,
			);
			path = Models;
			sourceTree = "<group>";
		};
		F48E65E2245FF34E00CA56FE /* Views */ = {
			isa = PBXGroup;
			children = (
				F48E65E3245FF37900CA56FE /* GRCreateNotificationCard.swift */,
				F48E65E5245FF3A200CA56FE /* GRNotificationCard.swift */,
				F4F537D62461DDE70009D3DC /* DENumberCard.swift */,
				F4F537D82461DE2E0009D3DC /* DETimeViewCell.swift */,
				F4F537DA2461DE5B0009D3DC /* DEScheduleView.swift */,
				F4C2025D2466AA4100D59245 /* GRLanguagesCard.swift */,
				F421B22E24698DE9007DE745 /* EbookCell.swift */,
			);
			path = Views;
			sourceTree = "<group>";
		};
		F4C1175C246564C800A145CB /* FolioReader */ = {
			isa = PBXGroup;
			children = (
				F4C1175D246564DE00A145CB /* FolioReader+EZRemember.swift */,
			);
			path = FolioReader;
			sourceTree = "<group>";
		};
		F4C2025F24672B7F00D59245 /* Protocols */ = {
			isa = PBXGroup;
			children = (
				F4C2026024672B8D00D59245 /* ShowEpubReaderProtocol.swift */,
				F4E0E6EC246A80E800EA0827 /* RulesProtocol.swift */,
				F4E0E6EF246BF5AF00EA0827 /* CardClickedProtocol.swift */,
				F43DDF8324738EEA00776941 /* AddCancelButtonProtocol.swift */,
				F45033292476879B00307417 /* AddHelpButtonProtocol.swift */,
			);
			path = Protocols;
			sourceTree = "<group>";
		};
		F4F5377D24601A2D0009D3DC /* NetworkLayer */ = {
			isa = PBXGroup;
			children = (
				F4F5377E24601A630009D3DC /* NotificationsManager.swift */,
				F4F5379A246097980009D3DC /* ScheduleManager.swift */,
				F4F537F0246404B70009D3DC /* TranslateManager.swift */,
				F43DDF8B247447E100776941 /* SyncManager.swift */,
			);
			path = NetworkLayer;
			sourceTree = "<group>";
		};
		F4F537A4246127200009D3DC /* Fonts */ = {
			isa = PBXGroup;
			children = (
				F4F537A5246127200009D3DC /* Poppins */,
			);
			path = Fonts;
			sourceTree = "<group>";
		};
		F4F537A5246127200009D3DC /* Poppins */ = {
			isa = PBXGroup;
			children = (
				F4F537A6246127200009D3DC /* Poppins-ExtraLight.ttf */,
				F4F537A7246127200009D3DC /* Poppins-ThinItalic.ttf */,
				F4F537A8246127200009D3DC /* Poppins-ExtraLightItalic.ttf */,
				F4F537A9246127200009D3DC /* Poppins-BoldItalic.ttf */,
				F4F537AA246127200009D3DC /* Poppins-Light.ttf */,
				F4F537AB246127200009D3DC /* Poppins-Medium.ttf */,
				F4F537AC246127200009D3DC /* Poppins-SemiBoldItalic.ttf */,
				F4F537AD246127200009D3DC /* Poppins-ExtraBoldItalic.ttf */,
				F4F537AE246127200009D3DC /* Poppins-ExtraBold.ttf */,
				F4F537AF246127200009D3DC /* Poppins-BlackItalic.ttf */,
				F4F537B0246127200009D3DC /* OFL.txt */,
				F4F537B1246127200009D3DC /* Poppins-Regular.ttf */,
				F4F537B2246127200009D3DC /* Poppins-LightItalic.ttf */,
				F4F537B3246127200009D3DC /* Poppins-Bold.ttf */,
				F4F537B4246127200009D3DC /* Poppins-Black.ttf */,
				F4F537B5246127200009D3DC /* Poppins-Thin.ttf */,
				F4F537B6246127200009D3DC /* Poppins-SemiBold.ttf */,
				F4F537B7246127200009D3DC /* Poppins-Italic.ttf */,
				F4F537B8246127200009D3DC /* Poppins-MediumItalic.ttf */,
			);
			path = Poppins;
			sourceTree = "<group>";
		};
		F4F537DC246276A00009D3DC /* Models */ = {
			isa = PBXGroup;
			children = (
				F4F537DD246276B50009D3DC /* Notification.swift */,
				F4C2025B246699C200D59245 /* BookDetails.swift */,
				F43DDF7F24723FC100776941 /* Purchasing.swift */,
				F43DDF8724742E2100776941 /* Sync.swift */,
				F450332B247688F800307417 /* Explanation.swift */,
			);
			path = Models;
			sourceTree = "<group>";
		};
		F4F537E92463B2DE0009D3DC /* Epubs */ = {
			isa = PBXGroup;
			children = (
				F4C2026624682F4800D59245 /* ylioppilas.epub */,
				F4F537EA2463B2EB0009D3DC /* Dune.epub */,
				F4E0E6F5246C705E00EA0827 /* jy_IN.epub */,
			);
			path = Epubs;
			sourceTree = "<group>";
		};
		F4F537EC2463D1F50009D3DC /* Extensions */ = {
			isa = PBXGroup;
			children = (
				F43DDF7D2472327800776941 /* String+Substring.swift */,
				F43DDF892474318D00776941 /* String+IsValidEmail.swift */,
			);
			path = Extensions;
			sourceTree = "<group>";
		};
/* End PBXGroup section */

/* Begin PBXNativeTarget section */
		F4285237245BFA5E00C381DE /* EZRemember */ = {
			isa = PBXNativeTarget;
			buildConfigurationList = F4285262245BFA5F00C381DE /* Build configuration list for PBXNativeTarget "EZRemember" */;
			buildPhases = (
				54818069D7500B36C87AB0A8 /* [CP] Check Pods Manifest.lock */,
				F4285234245BFA5E00C381DE /* Sources */,
				F4285235245BFA5E00C381DE /* Frameworks */,
				F4285236245BFA5E00C381DE /* Resources */,
				529175901BE3059341C8F6F0 /* [CP] Embed Pods Frameworks */,
				F49FDC612470603D002148C1 /* ShellScript */,
			);
			buildRules = (
			);
			dependencies = (
			);
			name = EZRemember;
			productName = EZRemember;
			productReference = F4285238245BFA5E00C381DE /* EZRemember.app */;
			productType = "com.apple.product-type.application";
		};
		F428524D245BFA5F00C381DE /* EZRememberTests */ = {
			isa = PBXNativeTarget;
			buildConfigurationList = F4285265245BFA5F00C381DE /* Build configuration list for PBXNativeTarget "EZRememberTests" */;
			buildPhases = (
				B2071D4CB649AD66EE3B58A4 /* [CP] Check Pods Manifest.lock */,
				F428524A245BFA5F00C381DE /* Sources */,
				F428524B245BFA5F00C381DE /* Frameworks */,
				F428524C245BFA5F00C381DE /* Resources */,
			);
			buildRules = (
			);
			dependencies = (
				F4285250245BFA5F00C381DE /* PBXTargetDependency */,
			);
			name = EZRememberTests;
			productName = EZRememberTests;
			productReference = F428524E245BFA5F00C381DE /* EZRememberTests.xctest */;
			productType = "com.apple.product-type.bundle.unit-test";
		};
		F4285258245BFA5F00C381DE /* EZRememberUITests */ = {
			isa = PBXNativeTarget;
			buildConfigurationList = F4285268245BFA5F00C381DE /* Build configuration list for PBXNativeTarget "EZRememberUITests" */;
			buildPhases = (
				B5B364CDE78F8637FE160E49 /* [CP] Check Pods Manifest.lock */,
				F4285255245BFA5F00C381DE /* Sources */,
				F4285256245BFA5F00C381DE /* Frameworks */,
				F4285257245BFA5F00C381DE /* Resources */,
			);
			buildRules = (
			);
			dependencies = (
				F428525B245BFA5F00C381DE /* PBXTargetDependency */,
			);
			name = EZRememberUITests;
			productName = EZRememberUITests;
			productReference = F4285259245BFA5F00C381DE /* EZRememberUITests.xctest */;
			productType = "com.apple.product-type.bundle.ui-testing";
		};
/* End PBXNativeTarget section */

/* Begin PBXProject section */
		F4285230245BFA5E00C381DE /* Project object */ = {
			isa = PBXProject;
			attributes = {
				LastSwiftUpdateCheck = 1130;
				LastUpgradeCheck = 1130;
				ORGANIZATIONNAME = Dephyned;
				TargetAttributes = {
					F4285237245BFA5E00C381DE = {
						CreatedOnToolsVersion = 11.3.1;
					};
					F428524D245BFA5F00C381DE = {
						CreatedOnToolsVersion = 11.3.1;
						TestTargetID = F4285237245BFA5E00C381DE;
					};
					F4285258245BFA5F00C381DE = {
						CreatedOnToolsVersion = 11.3.1;
						TestTargetID = F4285237245BFA5E00C381DE;
					};
				};
			};
			buildConfigurationList = F4285233245BFA5E00C381DE /* Build configuration list for PBXProject "EZRemember" */;
			compatibilityVersion = "Xcode 9.3";
			developmentRegion = en;
			hasScannedForEncodings = 0;
			knownRegions = (
				en,
				Base,
			);
			mainGroup = F428522F245BFA5E00C381DE;
			productRefGroup = F4285239245BFA5E00C381DE /* Products */;
			projectDirPath = "";
			projectRoot = "";
			targets = (
				F4285237245BFA5E00C381DE /* EZRemember */,
				F428524D245BFA5F00C381DE /* EZRememberTests */,
				F4285258245BFA5F00C381DE /* EZRememberUITests */,
			);
		};
/* End PBXProject section */

/* Begin PBXResourcesBuildPhase section */
		F4285236245BFA5E00C381DE /* Resources */ = {
			isa = PBXResourcesBuildPhase;
			buildActionMask = 2147483647;
			files = (
				F4E0E6F6246C70BB00EA0827 /* jy_IN.epub in Resources */,
				F4F537C5246127200009D3DC /* Poppins-LightItalic.ttf in Resources */,
				F4F537C6246127200009D3DC /* Poppins-Bold.ttf in Resources */,
				F4F537C3246127200009D3DC /* OFL.txt in Resources */,
				F4F537C0246127200009D3DC /* Poppins-ExtraBoldItalic.ttf in Resources */,
				F4F537BF246127200009D3DC /* Poppins-SemiBoldItalic.ttf in Resources */,
				F4F537C7246127200009D3DC /* Poppins-Black.ttf in Resources */,
				F43DDF962475BD9600776941 /* GoogleService-Info.plist in Resources */,
				F4F537B9246127200009D3DC /* Poppins-ExtraLight.ttf in Resources */,
				F4F537BD246127200009D3DC /* Poppins-Light.ttf in Resources */,
				F4F537BB246127200009D3DC /* Poppins-ExtraLightItalic.ttf in Resources */,
				F4F537C8246127200009D3DC /* Poppins-Thin.ttf in Resources */,
				F4E0E6F7246C70BE00EA0827 /* ylioppilas.epub in Resources */,
				F4285248245BFA5F00C381DE /* LaunchScreen.storyboard in Resources */,
				F4F537C4246127200009D3DC /* Poppins-Regular.ttf in Resources */,
				F4F537BA246127200009D3DC /* Poppins-ThinItalic.ttf in Resources */,
				F4F537C2246127200009D3DC /* Poppins-BlackItalic.ttf in Resources */,
				F4F537C9246127200009D3DC /* Poppins-SemiBold.ttf in Resources */,
				F4285245245BFA5F00C381DE /* Assets.xcassets in Resources */,
				F4285243245BFA5E00C381DE /* Main.storyboard in Resources */,
				F4F537CA246127200009D3DC /* Poppins-Italic.ttf in Resources */,
				F4F537BC246127200009D3DC /* Poppins-BoldItalic.ttf in Resources */,
				F4F537BE246127200009D3DC /* Poppins-Medium.ttf in Resources */,
				F4F537CB246127200009D3DC /* Poppins-MediumItalic.ttf in Resources */,
				F4F537C1246127200009D3DC /* Poppins-ExtraBold.ttf in Resources */,
				F4F537EB2463B3A60009D3DC /* Dune.epub in Resources */,
			);
			runOnlyForDeploymentPostprocessing = 0;
		};
		F428524C245BFA5F00C381DE /* Resources */ = {
			isa = PBXResourcesBuildPhase;
			buildActionMask = 2147483647;
			files = (
			);
			runOnlyForDeploymentPostprocessing = 0;
		};
		F4285257245BFA5F00C381DE /* Resources */ = {
			isa = PBXResourcesBuildPhase;
			buildActionMask = 2147483647;
			files = (
			);
			runOnlyForDeploymentPostprocessing = 0;
		};
/* End PBXResourcesBuildPhase section */

/* Begin PBXShellScriptBuildPhase section */
		529175901BE3059341C8F6F0 /* [CP] Embed Pods Frameworks */ = {
			isa = PBXShellScriptBuildPhase;
			buildActionMask = 2147483647;
			files = (
			);
			inputFileListPaths = (
				"${PODS_ROOT}/Target Support Files/Pods-EZRemember/Pods-EZRemember-frameworks-${CONFIGURATION}-input-files.xcfilelist",
			);
			name = "[CP] Embed Pods Frameworks";
			outputFileListPaths = (
				"${PODS_ROOT}/Target Support Files/Pods-EZRemember/Pods-EZRemember-frameworks-${CONFIGURATION}-output-files.xcfilelist",
			);
			runOnlyForDeploymentPostprocessing = 0;
			shellPath = /bin/sh;
			shellScript = "\"${PODS_ROOT}/Target Support Files/Pods-EZRemember/Pods-EZRemember-frameworks.sh\"\n";
			showEnvVarsInLog = 0;
		};
		54818069D7500B36C87AB0A8 /* [CP] Check Pods Manifest.lock */ = {
			isa = PBXShellScriptBuildPhase;
			buildActionMask = 2147483647;
			files = (
			);
			inputFileListPaths = (
			);
			inputPaths = (
				"${PODS_PODFILE_DIR_PATH}/Podfile.lock",
				"${PODS_ROOT}/Manifest.lock",
			);
			name = "[CP] Check Pods Manifest.lock";
			outputFileListPaths = (
			);
			outputPaths = (
				"$(DERIVED_FILE_DIR)/Pods-EZRemember-checkManifestLockResult.txt",
			);
			runOnlyForDeploymentPostprocessing = 0;
			shellPath = /bin/sh;
			shellScript = "diff \"${PODS_PODFILE_DIR_PATH}/Podfile.lock\" \"${PODS_ROOT}/Manifest.lock\" > /dev/null\nif [ $? != 0 ] ; then\n    # print error to STDERR\n    echo \"error: The sandbox is not in sync with the Podfile.lock. Run 'pod install' or update your CocoaPods installation.\" >&2\n    exit 1\nfi\n# This output is used by Xcode 'outputs' to avoid re-running this script phase.\necho \"SUCCESS\" > \"${SCRIPT_OUTPUT_FILE_0}\"\n";
			showEnvVarsInLog = 0;
		};
		B2071D4CB649AD66EE3B58A4 /* [CP] Check Pods Manifest.lock */ = {
			isa = PBXShellScriptBuildPhase;
			buildActionMask = 2147483647;
			files = (
			);
			inputFileListPaths = (
			);
			inputPaths = (
				"${PODS_PODFILE_DIR_PATH}/Podfile.lock",
				"${PODS_ROOT}/Manifest.lock",
			);
			name = "[CP] Check Pods Manifest.lock";
			outputFileListPaths = (
			);
			outputPaths = (
				"$(DERIVED_FILE_DIR)/Pods-EZRememberTests-checkManifestLockResult.txt",
			);
			runOnlyForDeploymentPostprocessing = 0;
			shellPath = /bin/sh;
			shellScript = "diff \"${PODS_PODFILE_DIR_PATH}/Podfile.lock\" \"${PODS_ROOT}/Manifest.lock\" > /dev/null\nif [ $? != 0 ] ; then\n    # print error to STDERR\n    echo \"error: The sandbox is not in sync with the Podfile.lock. Run 'pod install' or update your CocoaPods installation.\" >&2\n    exit 1\nfi\n# This output is used by Xcode 'outputs' to avoid re-running this script phase.\necho \"SUCCESS\" > \"${SCRIPT_OUTPUT_FILE_0}\"\n";
			showEnvVarsInLog = 0;
		};
		B5B364CDE78F8637FE160E49 /* [CP] Check Pods Manifest.lock */ = {
			isa = PBXShellScriptBuildPhase;
			buildActionMask = 2147483647;
			files = (
			);
			inputFileListPaths = (
			);
			inputPaths = (
				"${PODS_PODFILE_DIR_PATH}/Podfile.lock",
				"${PODS_ROOT}/Manifest.lock",
			);
			name = "[CP] Check Pods Manifest.lock";
			outputFileListPaths = (
			);
			outputPaths = (
				"$(DERIVED_FILE_DIR)/Pods-EZRememberUITests-checkManifestLockResult.txt",
			);
			runOnlyForDeploymentPostprocessing = 0;
			shellPath = /bin/sh;
			shellScript = "diff \"${PODS_PODFILE_DIR_PATH}/Podfile.lock\" \"${PODS_ROOT}/Manifest.lock\" > /dev/null\nif [ $? != 0 ] ; then\n    # print error to STDERR\n    echo \"error: The sandbox is not in sync with the Podfile.lock. Run 'pod install' or update your CocoaPods installation.\" >&2\n    exit 1\nfi\n# This output is used by Xcode 'outputs' to avoid re-running this script phase.\necho \"SUCCESS\" > \"${SCRIPT_OUTPUT_FILE_0}\"\n";
			showEnvVarsInLog = 0;
		};
		F49FDC612470603D002148C1 /* ShellScript */ = {
			isa = PBXShellScriptBuildPhase;
			buildActionMask = 2147483647;
			files = (
			);
			inputFileListPaths = (
			);
			inputPaths = (
				"${DWARF_DSYM_FOLDER_PATH}/${DWARF_DSYM_FILE_NAME}/Contents/Resources/DWARF/${TARGET_NAME}",
				"$(SRCROOT)/$(BUILT_PRODUCTS_DIR)/$(INFOPLIST_PATH)",
			);
			outputFileListPaths = (
			);
			outputPaths = (
			);
			runOnlyForDeploymentPostprocessing = 0;
			shellPath = /bin/sh;
			shellScript = "# Type a script or drag a script file from your workspace to insert its path.\n\"${PODS_ROOT}/FirebaseCrashlytics/run\"\n";
		};
/* End PBXShellScriptBuildPhase section */

/* Begin PBXSourcesBuildPhase section */
		F4285234245BFA5E00C381DE /* Sources */ = {
			isa = PBXSourcesBuildPhase;
			buildActionMask = 2147483647;
			files = (
				F43DDF9124756C4D00776941 /* FCMToken.swift in Sources */,
				F4F537F9246420C50009D3DC /* String+Pinyin.swift in Sources */,
				F4503328247675B100307417 /* ExplanationViewController.swift in Sources */,
				F4F537F5246413E90009D3DC /* FirebasePersistanceManager+Watching.swift in Sources */,
				F43DDF8C247447E100776941 /* SyncManager.swift in Sources */,
				F4F537D12461413F0009D3DC /* GRBootstrapElement+ResignResponder.swift in Sources */,
				F48E65E4245FF37900CA56FE /* GRCreateNotificationCard.swift in Sources */,
				F4285240245BFA5E00C381DE /* ViewController.swift in Sources */,
				F4F537E42463AFDF0009D3DC /* DEEpubReaderController.swift in Sources */,
				F4F5379B246097980009D3DC /* ScheduleManager.swift in Sources */,
				F4C2025A246695E100D59245 /* Notifications+EZRemember.swift in Sources */,
				F4F5379F2461108F0009D3DC /* UtilityFunctions.swift in Sources */,
				F43DDF8424738EEA00776941 /* AddCancelButtonProtocol.swift in Sources */,
				F43DDF8824742E2100776941 /* Sync.swift in Sources */,
				F4C1175B24655E3900A145CB /* GRReadBookViewController.swift in Sources */,
				F428523C245BFA5E00C381DE /* AppDelegate.swift in Sources */,
				F428527A245C34F700C381DE /* DEImageHelper.swift in Sources */,
				F4F53793246062220009D3DC /* SceneDelegate+TabController.swift in Sources */,
				F4C2025E2466AA4100D59245 /* GRLanguagesCard.swift in Sources */,
				F4F537DB2461DE5B0009D3DC /* DEScheduleView.swift in Sources */,
				F4F5377F24601A630009D3DC /* NotificationsManager.swift in Sources */,
				F43DDF82247255E500776941 /* DEMainViewController+CollectionView.swift in Sources */,
				F4F537E62463B0FB0009D3DC /* UserNotificationScheduler.swift in Sources */,
				F421B23224698E38007DE745 /* EBookHandler.swift in Sources */,
				F4E0E6F2246C0A8100EA0827 /* GRBootstrapElement+Clicked.swift in Sources */,
				F4F537D72461DDE70009D3DC /* DENumberCard.swift in Sources */,
				F4C08CC824647118004D558E /* FileManager+SubDocuments.swift in Sources */,
				F450332C247688F800307417 /* Explanation.swift in Sources */,
				F428526D245BFCC600C381DE /* DEMainViewController.swift in Sources */,
				F4C1175E246564DE00A145CB /* FolioReader+EZRemember.swift in Sources */,
				F4F537F32464064F0009D3DC /* GRNetworking.swift in Sources */,
				F4285276245C31EA00C381DE /* UIImage+FromBundle.swift in Sources */,
				F421B234246A4E4A007DE745 /* Constants.swift in Sources */,
				F421B23E246A6482007DE745 /* GRPurchasingViewController.swift in Sources */,
				F4F537E22462DE8A0009D3DC /* AppDelegate+RemoteNotifications.swift in Sources */,
				F4F537D92461DE2E0009D3DC /* DETimeViewCell.swift in Sources */,
				F421B23A246A5E75007DE745 /* GRTitleAndButtonCard.swift in Sources */,
				F4F537CF24613ED60009D3DC /* Style+Colors.swift in Sources */,
				F4F537F1246404B70009D3DC /* TranslateManager.swift in Sources */,
				F4285278245C327700C381DE /* UIButton+Image.swift in Sources */,
				F421B238246A582C007DE745 /* GRPurchasingColumn.swift in Sources */,
				F4F537DE246276B50009D3DC /* Notification.swift in Sources */,
				F4F537D3246162DA0009D3DC /* GRBootstrapElement+Delete.swift in Sources */,
				F43DDF8E247449DD00776941 /* FirebaseStorageManager.swift in Sources */,
				F4E0E6ED246A80E800EA0827 /* RulesProtocol.swift in Sources */,
				F43DDF9324756F2C00776941 /* FirebasePersistenceManager+FCMToken.swift in Sources */,
				F421B22B24694AA8007DE745 /* DESyncViewController.swift in Sources */,
				F4C2025C246699C200D59245 /* BookDetails.swift in Sources */,
				F450332A2476879B00307417 /* AddHelpButtonProtocol.swift in Sources */,
				F4285270245C253500C381DE /* UIVIew+Shadow.swift in Sources */,
				F4F537E82463B1880009D3DC /* Style+LargeHeader.swift in Sources */,
				F43DDF8A2474318D00776941 /* String+IsValidEmail.swift in Sources */,
				F421B22D24696913007DE745 /* Array+ToDictionary.swift in Sources */,
				F4F537CD2461297F0009D3DC /* UILabel+Extensions.swift in Sources */,
				F43DDF7E2472327800776941 /* String+Substring.swift in Sources */,
				F428523E245BFA5E00C381DE /* SceneDelegate.swift in Sources */,
				F4C2026124672B8D00D59245 /* ShowEpubReaderProtocol.swift in Sources */,
				F4F537A124611C460009D3DC /* UITableView+Empty.swift in Sources */,
				F48E65E6245FF3A200CA56FE /* GRNotificationCard.swift in Sources */,
				F4F537F724641A520009D3DC /* DEShowTranslationsViewController.swift in Sources */,
				F421B22F24698DE9007DE745 /* EbookCell.swift in Sources */,
				F43DDF862473D51900776941 /* AppDelegate+BackgroundNotifications.swift in Sources */,
				F4F537A32461269B0009D3DC /* CustomFontBook.swift in Sources */,
				F4E0E6F0246BF5AF00EA0827 /* CardClickedProtocol.swift in Sources */,
				F4F537E0246290410009D3DC /* GRMessageCard.swift in Sources */,
				F421B23C246A6112007DE745 /* GRPurchasingCard.swift in Sources */,
				F4F53799246085A60009D3DC /* DEScheduleViewController.swift in Sources */,
				F43DDF8024723FC100776941 /* Purchasing.swift in Sources */,
			);
			runOnlyForDeploymentPostprocessing = 0;
		};
		F428524A245BFA5F00C381DE /* Sources */ = {
			isa = PBXSourcesBuildPhase;
			buildActionMask = 2147483647;
			files = (
				F4285253245BFA5F00C381DE /* EZRememberTests.swift in Sources */,
			);
			runOnlyForDeploymentPostprocessing = 0;
		};
		F4285255245BFA5F00C381DE /* Sources */ = {
			isa = PBXSourcesBuildPhase;
			buildActionMask = 2147483647;
			files = (
				F428525E245BFA5F00C381DE /* EZRememberUITests.swift in Sources */,
			);
			runOnlyForDeploymentPostprocessing = 0;
		};
/* End PBXSourcesBuildPhase section */

/* Begin PBXTargetDependency section */
		F4285250245BFA5F00C381DE /* PBXTargetDependency */ = {
			isa = PBXTargetDependency;
			target = F4285237245BFA5E00C381DE /* EZRemember */;
			targetProxy = F428524F245BFA5F00C381DE /* PBXContainerItemProxy */;
		};
		F428525B245BFA5F00C381DE /* PBXTargetDependency */ = {
			isa = PBXTargetDependency;
			target = F4285237245BFA5E00C381DE /* EZRemember */;
			targetProxy = F428525A245BFA5F00C381DE /* PBXContainerItemProxy */;
		};
/* End PBXTargetDependency section */

/* Begin PBXVariantGroup section */
		F4285241245BFA5E00C381DE /* Main.storyboard */ = {
			isa = PBXVariantGroup;
			children = (
				F4285242245BFA5E00C381DE /* Base */,
			);
			name = Main.storyboard;
			sourceTree = "<group>";
		};
		F4285246245BFA5F00C381DE /* LaunchScreen.storyboard */ = {
			isa = PBXVariantGroup;
			children = (
				F4285247245BFA5F00C381DE /* Base */,
			);
			name = LaunchScreen.storyboard;
			sourceTree = "<group>";
		};
/* End PBXVariantGroup section */

/* Begin XCBuildConfiguration section */
		F4285260245BFA5F00C381DE /* Debug */ = {
			isa = XCBuildConfiguration;
			buildSettings = {
				ALWAYS_SEARCH_USER_PATHS = NO;
				CLANG_ANALYZER_NONNULL = YES;
				CLANG_ANALYZER_NUMBER_OBJECT_CONVERSION = YES_AGGRESSIVE;
				CLANG_CXX_LANGUAGE_STANDARD = "gnu++14";
				CLANG_CXX_LIBRARY = "libc++";
				CLANG_ENABLE_MODULES = YES;
				CLANG_ENABLE_OBJC_ARC = YES;
				CLANG_ENABLE_OBJC_WEAK = YES;
				CLANG_WARN_BLOCK_CAPTURE_AUTORELEASING = YES;
				CLANG_WARN_BOOL_CONVERSION = YES;
				CLANG_WARN_COMMA = YES;
				CLANG_WARN_CONSTANT_CONVERSION = YES;
				CLANG_WARN_DEPRECATED_OBJC_IMPLEMENTATIONS = YES;
				CLANG_WARN_DIRECT_OBJC_ISA_USAGE = YES_ERROR;
				CLANG_WARN_DOCUMENTATION_COMMENTS = YES;
				CLANG_WARN_EMPTY_BODY = YES;
				CLANG_WARN_ENUM_CONVERSION = YES;
				CLANG_WARN_INFINITE_RECURSION = YES;
				CLANG_WARN_INT_CONVERSION = YES;
				CLANG_WARN_NON_LITERAL_NULL_CONVERSION = YES;
				CLANG_WARN_OBJC_IMPLICIT_RETAIN_SELF = YES;
				CLANG_WARN_OBJC_LITERAL_CONVERSION = YES;
				CLANG_WARN_OBJC_ROOT_CLASS = YES_ERROR;
				CLANG_WARN_RANGE_LOOP_ANALYSIS = YES;
				CLANG_WARN_STRICT_PROTOTYPES = YES;
				CLANG_WARN_SUSPICIOUS_MOVE = YES;
				CLANG_WARN_UNGUARDED_AVAILABILITY = YES_AGGRESSIVE;
				CLANG_WARN_UNREACHABLE_CODE = YES;
				CLANG_WARN__DUPLICATE_METHOD_MATCH = YES;
				COPY_PHASE_STRIP = NO;
				DEBUG_INFORMATION_FORMAT = dwarf;
				ENABLE_STRICT_OBJC_MSGSEND = YES;
				ENABLE_TESTABILITY = YES;
				GCC_C_LANGUAGE_STANDARD = gnu11;
				GCC_DYNAMIC_NO_PIC = NO;
				GCC_NO_COMMON_BLOCKS = YES;
				GCC_OPTIMIZATION_LEVEL = 0;
				GCC_PREPROCESSOR_DEFINITIONS = (
					"DEBUG=1",
					"$(inherited)",
				);
				GCC_WARN_64_TO_32_BIT_CONVERSION = YES;
				GCC_WARN_ABOUT_RETURN_TYPE = YES_ERROR;
				GCC_WARN_UNDECLARED_SELECTOR = YES;
				GCC_WARN_UNINITIALIZED_AUTOS = YES_AGGRESSIVE;
				GCC_WARN_UNUSED_FUNCTION = YES;
				GCC_WARN_UNUSED_VARIABLE = YES;
				IPHONEOS_DEPLOYMENT_TARGET = 13.2;
				MTL_ENABLE_DEBUG_INFO = INCLUDE_SOURCE;
				MTL_FAST_MATH = YES;
				ONLY_ACTIVE_ARCH = YES;
				SDKROOT = iphoneos;
				SWIFT_ACTIVE_COMPILATION_CONDITIONS = DEBUG;
				SWIFT_OPTIMIZATION_LEVEL = "-Onone";
			};
			name = Debug;
		};
		F4285261245BFA5F00C381DE /* Release */ = {
			isa = XCBuildConfiguration;
			buildSettings = {
				ALWAYS_SEARCH_USER_PATHS = NO;
				CLANG_ANALYZER_NONNULL = YES;
				CLANG_ANALYZER_NUMBER_OBJECT_CONVERSION = YES_AGGRESSIVE;
				CLANG_CXX_LANGUAGE_STANDARD = "gnu++14";
				CLANG_CXX_LIBRARY = "libc++";
				CLANG_ENABLE_MODULES = YES;
				CLANG_ENABLE_OBJC_ARC = YES;
				CLANG_ENABLE_OBJC_WEAK = YES;
				CLANG_WARN_BLOCK_CAPTURE_AUTORELEASING = YES;
				CLANG_WARN_BOOL_CONVERSION = YES;
				CLANG_WARN_COMMA = YES;
				CLANG_WARN_CONSTANT_CONVERSION = YES;
				CLANG_WARN_DEPRECATED_OBJC_IMPLEMENTATIONS = YES;
				CLANG_WARN_DIRECT_OBJC_ISA_USAGE = YES_ERROR;
				CLANG_WARN_DOCUMENTATION_COMMENTS = YES;
				CLANG_WARN_EMPTY_BODY = YES;
				CLANG_WARN_ENUM_CONVERSION = YES;
				CLANG_WARN_INFINITE_RECURSION = YES;
				CLANG_WARN_INT_CONVERSION = YES;
				CLANG_WARN_NON_LITERAL_NULL_CONVERSION = YES;
				CLANG_WARN_OBJC_IMPLICIT_RETAIN_SELF = YES;
				CLANG_WARN_OBJC_LITERAL_CONVERSION = YES;
				CLANG_WARN_OBJC_ROOT_CLASS = YES_ERROR;
				CLANG_WARN_RANGE_LOOP_ANALYSIS = YES;
				CLANG_WARN_STRICT_PROTOTYPES = YES;
				CLANG_WARN_SUSPICIOUS_MOVE = YES;
				CLANG_WARN_UNGUARDED_AVAILABILITY = YES_AGGRESSIVE;
				CLANG_WARN_UNREACHABLE_CODE = YES;
				CLANG_WARN__DUPLICATE_METHOD_MATCH = YES;
				COPY_PHASE_STRIP = NO;
				DEBUG_INFORMATION_FORMAT = "dwarf-with-dsym";
				ENABLE_NS_ASSERTIONS = NO;
				ENABLE_STRICT_OBJC_MSGSEND = YES;
				GCC_C_LANGUAGE_STANDARD = gnu11;
				GCC_NO_COMMON_BLOCKS = YES;
				GCC_WARN_64_TO_32_BIT_CONVERSION = YES;
				GCC_WARN_ABOUT_RETURN_TYPE = YES_ERROR;
				GCC_WARN_UNDECLARED_SELECTOR = YES;
				GCC_WARN_UNINITIALIZED_AUTOS = YES_AGGRESSIVE;
				GCC_WARN_UNUSED_FUNCTION = YES;
				GCC_WARN_UNUSED_VARIABLE = YES;
				IPHONEOS_DEPLOYMENT_TARGET = 13.2;
				MTL_ENABLE_DEBUG_INFO = NO;
				MTL_FAST_MATH = YES;
				SDKROOT = iphoneos;
				SWIFT_COMPILATION_MODE = wholemodule;
				SWIFT_OPTIMIZATION_LEVEL = "-O";
				VALIDATE_PRODUCT = YES;
			};
			name = Release;
		};
		F4285263245BFA5F00C381DE /* Debug */ = {
			isa = XCBuildConfiguration;
			baseConfigurationReference = 259168778B4E7DBF1FEDE6CA /* Pods-EZRemember.debug.xcconfig */;
			buildSettings = {
				ASSETCATALOG_COMPILER_APPICON_NAME = AppIcon;
				CODE_SIGN_ENTITLEMENTS = EZRemember/EZRemember.entitlements;
				CODE_SIGN_STYLE = Automatic;
				DEVELOPMENT_TEAM = HJPTQ3N75W;
				INFOPLIST_FILE = EZRemember/Info.plist;
				IPHONEOS_DEPLOYMENT_TARGET = 13.0;
				LD_RUNPATH_SEARCH_PATHS = (
					"$(inherited)",
					"@executable_path/Frameworks",
				);
				MARKETING_VERSION = 1.001;
				PRODUCT_BUNDLE_IDENTIFIER = com.dephyned.ezremember;
				PRODUCT_NAME = "$(TARGET_NAME)";
				SWIFT_VERSION = 5.0;
				TARGETED_DEVICE_FAMILY = "1,2";
			};
			name = Debug;
		};
		F4285264245BFA5F00C381DE /* Release */ = {
			isa = XCBuildConfiguration;
			baseConfigurationReference = 2909E7184064B09D39D470FD /* Pods-EZRemember.release.xcconfig */;
			buildSettings = {
				ASSETCATALOG_COMPILER_APPICON_NAME = AppIcon;
				CODE_SIGN_ENTITLEMENTS = EZRemember/EZRemember.entitlements;
				CODE_SIGN_STYLE = Automatic;
				DEVELOPMENT_TEAM = HJPTQ3N75W;
				INFOPLIST_FILE = EZRemember/Info.plist;
				IPHONEOS_DEPLOYMENT_TARGET = 13.0;
				LD_RUNPATH_SEARCH_PATHS = (
					"$(inherited)",
					"@executable_path/Frameworks",
				);
				MARKETING_VERSION = 1.001;
				PRODUCT_BUNDLE_IDENTIFIER = com.dephyned.ezremember;
				PRODUCT_NAME = "$(TARGET_NAME)";
				SWIFT_VERSION = 5.0;
				TARGETED_DEVICE_FAMILY = "1,2";
			};
			name = Release;
		};
		F4285266245BFA5F00C381DE /* Debug */ = {
			isa = XCBuildConfiguration;
			baseConfigurationReference = D6EA27F11652034F71BF6BCF /* Pods-EZRememberTests.debug.xcconfig */;
			buildSettings = {
				ALWAYS_EMBED_SWIFT_STANDARD_LIBRARIES = YES;
				BUNDLE_LOADER = "$(TEST_HOST)";
				CODE_SIGN_STYLE = Automatic;
				DEVELOPMENT_TEAM = HJPTQ3N75W;
				INFOPLIST_FILE = EZRememberTests/Info.plist;
				IPHONEOS_DEPLOYMENT_TARGET = 13.2;
				LD_RUNPATH_SEARCH_PATHS = (
					"$(inherited)",
					"@executable_path/Frameworks",
					"@loader_path/Frameworks",
				);
				PRODUCT_BUNDLE_IDENTIFIER = dephyned.EZRememberTests;
				PRODUCT_NAME = "$(TARGET_NAME)";
				SWIFT_VERSION = 5.0;
				TARGETED_DEVICE_FAMILY = "1,2";
				TEST_HOST = "$(BUILT_PRODUCTS_DIR)/EZRemember.app/EZRemember";
			};
			name = Debug;
		};
		F4285267245BFA5F00C381DE /* Release */ = {
			isa = XCBuildConfiguration;
			baseConfigurationReference = 6F0E3443B0A114725AC933FC /* Pods-EZRememberTests.release.xcconfig */;
			buildSettings = {
				ALWAYS_EMBED_SWIFT_STANDARD_LIBRARIES = YES;
				BUNDLE_LOADER = "$(TEST_HOST)";
				CODE_SIGN_STYLE = Automatic;
				DEVELOPMENT_TEAM = HJPTQ3N75W;
				INFOPLIST_FILE = EZRememberTests/Info.plist;
				IPHONEOS_DEPLOYMENT_TARGET = 13.2;
				LD_RUNPATH_SEARCH_PATHS = (
					"$(inherited)",
					"@executable_path/Frameworks",
					"@loader_path/Frameworks",
				);
				PRODUCT_BUNDLE_IDENTIFIER = dephyned.EZRememberTests;
				PRODUCT_NAME = "$(TARGET_NAME)";
				SWIFT_VERSION = 5.0;
				TARGETED_DEVICE_FAMILY = "1,2";
				TEST_HOST = "$(BUILT_PRODUCTS_DIR)/EZRemember.app/EZRemember";
			};
			name = Release;
		};
		F4285269245BFA5F00C381DE /* Debug */ = {
			isa = XCBuildConfiguration;
			baseConfigurationReference = 306DDE41D00DB151BFAF21F0 /* Pods-EZRememberUITests.debug.xcconfig */;
			buildSettings = {
				ALWAYS_EMBED_SWIFT_STANDARD_LIBRARIES = YES;
				CODE_SIGN_STYLE = Automatic;
				DEVELOPMENT_TEAM = HJPTQ3N75W;
				INFOPLIST_FILE = EZRememberUITests/Info.plist;
				LD_RUNPATH_SEARCH_PATHS = (
					"$(inherited)",
					"@executable_path/Frameworks",
					"@loader_path/Frameworks",
				);
				PRODUCT_BUNDLE_IDENTIFIER = dephyned.EZRememberUITests;
				PRODUCT_NAME = "$(TARGET_NAME)";
				SWIFT_VERSION = 5.0;
				TARGETED_DEVICE_FAMILY = "1,2";
				TEST_TARGET_NAME = EZRemember;
			};
			name = Debug;
		};
		F428526A245BFA5F00C381DE /* Release */ = {
			isa = XCBuildConfiguration;
			baseConfigurationReference = 6C086F3604E1D1BE3AC8C224 /* Pods-EZRememberUITests.release.xcconfig */;
			buildSettings = {
				ALWAYS_EMBED_SWIFT_STANDARD_LIBRARIES = YES;
				CODE_SIGN_STYLE = Automatic;
				DEVELOPMENT_TEAM = HJPTQ3N75W;
				INFOPLIST_FILE = EZRememberUITests/Info.plist;
				LD_RUNPATH_SEARCH_PATHS = (
					"$(inherited)",
					"@executable_path/Frameworks",
					"@loader_path/Frameworks",
				);
				PRODUCT_BUNDLE_IDENTIFIER = dephyned.EZRememberUITests;
				PRODUCT_NAME = "$(TARGET_NAME)";
				SWIFT_VERSION = 5.0;
				TARGETED_DEVICE_FAMILY = "1,2";
				TEST_TARGET_NAME = EZRemember;
			};
			name = Release;
		};
/* End XCBuildConfiguration section */

/* Begin XCConfigurationList section */
		F4285233245BFA5E00C381DE /* Build configuration list for PBXProject "EZRemember" */ = {
			isa = XCConfigurationList;
			buildConfigurations = (
				F4285260245BFA5F00C381DE /* Debug */,
				F4285261245BFA5F00C381DE /* Release */,
			);
			defaultConfigurationIsVisible = 0;
			defaultConfigurationName = Release;
		};
		F4285262245BFA5F00C381DE /* Build configuration list for PBXNativeTarget "EZRemember" */ = {
			isa = XCConfigurationList;
			buildConfigurations = (
				F4285263245BFA5F00C381DE /* Debug */,
				F4285264245BFA5F00C381DE /* Release */,
			);
			defaultConfigurationIsVisible = 0;
			defaultConfigurationName = Release;
		};
		F4285265245BFA5F00C381DE /* Build configuration list for PBXNativeTarget "EZRememberTests" */ = {
			isa = XCConfigurationList;
			buildConfigurations = (
				F4285266245BFA5F00C381DE /* Debug */,
				F4285267245BFA5F00C381DE /* Release */,
			);
			defaultConfigurationIsVisible = 0;
			defaultConfigurationName = Release;
		};
		F4285268245BFA5F00C381DE /* Build configuration list for PBXNativeTarget "EZRememberUITests" */ = {
			isa = XCConfigurationList;
			buildConfigurations = (
				F4285269245BFA5F00C381DE /* Debug */,
				F428526A245BFA5F00C381DE /* Release */,
			);
			defaultConfigurationIsVisible = 0;
			defaultConfigurationName = Release;
		};
/* End XCConfigurationList section */
	};
	rootObject = F4285230245BFA5E00C381DE /* Project object */;
}
